
Microsoft Visual Studio Solution File, Format Version 12.00
# Visual Studio Version 16
VisualStudioVersion = 16.0.30804.86
MinimumVisualStudioVersion = 10.0.40219.1
Project("{9A19103F-16F7-4668-BE54-9A1E7A4F7556}") = "Domain", "Projetos\Domain.csproj", "{AD9C6A2A-4AC0-423C-8305-1611605B2D47}"
EndProject
Project("{9A19103F-16F7-4668-BE54-9A1E7A4F7556}") = "API-Projetos", "APIS\API-Projetos\API-Projetos.csproj", "{99565A5C-165F-4894-BB9E-CB347E536C84}"
EndProject
Project("{2150E333-8FDC-42A3-9474-1A3956D46DE8}") = "APIS", "APIS", "{13496C12-8761-4F51-87DC-FE95A7A0D057}"
EndProject
Project("{9A19103F-16F7-4668-BE54-9A1E7A4F7556}") = "API-Auth", "APIS\API-Auth\API-Auth.csproj", "{28451207-5ACC-4F96-B5C9-F1D00EFE9C76}"
EndProject
Project("{FAE04EC0-301F-11D3-BF4B-00C04F79EFBC}") = "API-Projetos-Gerencia", "APIS\API-Gerencia-Projetos\API-Projetos-Gerencia.csproj", "{240F912B-E7C6-4B6B-A361-7FCE3637418B}"
EndProject
Project("{FAE04EC0-301F-11D3-BF4B-00C04F79EFBC}") = "API-Projetos-Metricas", "APIS\API-Projetos-Metricas\API-Projetos-Metricas.csproj", "{781D8497-A419-4795-894A-4A740EB6632D}"
EndProject
Project("{2150E333-8FDC-42A3-9474-1A3956D46DE8}") = "Dominio", "Dominio", "{17CE4A1C-B142-46A1-811A-AB9287CD67FC}"
EndProject
Project("{2150E333-8FDC-42A3-9474-1A3956D46DE8}") = "Testes", "Testes", "{700DF6FE-48B5-4485-B2A5-87EB821B36F0}"
EndProject
Project("{FAE04EC0-301F-11D3-BF4B-00C04F79EFBC}") = "TestProject1", "Testes\TestProject1\TestProject1.csproj", "{358DD8D9-4138-4349-82AA-6878BC6BD207}"
EndProject
Global
	GlobalSection(SolutionConfigurationPlatforms) = preSolution
		Debug|Any CPU = Debug|Any CPU
		Release|Any CPU = Release|Any CPU
	EndGlobalSection
	GlobalSection(ProjectConfigurationPlatforms) = postSolution
		{AD9C6A2A-4AC0-423C-8305-1611605B2D47}.Debug|Any CPU.ActiveCfg = Debug|Any CPU
		{AD9C6A2A-4AC0-423C-8305-1611605B2D47}.Debug|Any CPU.Build.0 = Debug|Any CPU
		{AD9C6A2A-4AC0-423C-8305-1611605B2D47}.Release|Any CPU.ActiveCfg = Release|Any CPU
		{AD9C6A2A-4AC0-423C-8305-1611605B2D47}.Release|Any CPU.Build.0 = Release|Any CPU
		{99565A5C-165F-4894-BB9E-CB347E536C84}.Debug|Any CPU.ActiveCfg = Debug|Any CPU
		{99565A5C-165F-4894-BB9E-CB347E536C84}.Debug|Any CPU.Build.0 = Debug|Any CPU
		{99565A5C-165F-4894-BB9E-CB347E536C84}.Release|Any CPU.ActiveCfg = Release|Any CPU
		{99565A5C-165F-4894-BB9E-CB347E536C84}.Release|Any CPU.Build.0 = Release|Any CPU
		{28451207-5ACC-4F96-B5C9-F1D00EFE9C76}.Debug|Any CPU.ActiveCfg = Debug|Any CPU
		{28451207-5ACC-4F96-B5C9-F1D00EFE9C76}.Debug|Any CPU.Build.0 = Debug|Any CPU
		{28451207-5ACC-4F96-B5C9-F1D00EFE9C76}.Release|Any CPU.ActiveCfg = Release|Any CPU
		{28451207-5ACC-4F96-B5C9-F1D00EFE9C76}.Release|Any CPU.Build.0 = Release|Any CPU
		{240F912B-E7C6-4B6B-A361-7FCE3637418B}.Debug|Any CPU.ActiveCfg = Debug|Any CPU
		{240F912B-E7C6-4B6B-A361-7FCE3637418B}.Debug|Any CPU.Build.0 = Debug|Any CPU
		{240F912B-E7C6-4B6B-A361-7FCE3637418B}.Release|Any CPU.ActiveCfg = Release|Any CPU
		{240F912B-E7C6-4B6B-A361-7FCE3637418B}.Release|Any CPU.Build.0 = Release|Any CPU
		{781D8497-A419-4795-894A-4A740EB6632D}.Debug|Any CPU.ActiveCfg = Debug|Any CPU
		{781D8497-A419-4795-894A-4A740EB6632D}.Debug|Any CPU.Build.0 = Debug|Any CPU
		{781D8497-A419-4795-894A-4A740EB6632D}.Release|Any CPU.ActiveCfg = Release|Any CPU
		{781D8497-A419-4795-894A-4A740EB6632D}.Release|Any CPU.Build.0 = Release|Any CPU
		{358DD8D9-4138-4349-82AA-6878BC6BD207}.Debug|Any CPU.ActiveCfg = Debug|Any CPU
		{358DD8D9-4138-4349-82AA-6878BC6BD207}.Debug|Any CPU.Build.0 = Debug|Any CPU
		{358DD8D9-4138-4349-82AA-6878BC6BD207}.Release|Any CPU.ActiveCfg = Release|Any CPU
		{358DD8D9-4138-4349-82AA-6878BC6BD207}.Release|Any CPU.Build.0 = Release|Any CPU
	EndGlobalSection
	GlobalSection(SolutionProperties) = preSolution
		HideSolutionNode = FALSE
	EndGlobalSection
	GlobalSection(NestedProjects) = preSolution
		{AD9C6A2A-4AC0-423C-8305-1611605B2D47} = {17CE4A1C-B142-46A1-811A-AB9287CD67FC}
		{99565A5C-165F-4894-BB9E-CB347E536C84} = {13496C12-8761-4F51-87DC-FE95A7A0D057}
		{28451207-5ACC-4F96-B5C9-F1D00EFE9C76} = {13496C12-8761-4F51-87DC-FE95A7A0D057}
		{240F912B-E7C6-4B6B-A361-7FCE3637418B} = {13496C12-8761-4F51-87DC-FE95A7A0D057}
		{781D8497-A419-4795-894A-4A740EB6632D} = {13496C12-8761-4F51-87DC-FE95A7A0D057}
		{358DD8D9-4138-4349-82AA-6878BC6BD207} = {700DF6FE-48B5-4485-B2A5-87EB821B36F0}
	EndGlobalSection
	GlobalSection(ExtensibilityGlobals) = postSolution
		SolutionGuid = {FE62886C-2A4F-45E1-B27B-98C08E8A84E8}
	EndGlobalSection
EndGlobal
