
Microsoft Visual Studio Solution File, Format Version 12.00
# Visual Studio Version 16
VisualStudioVersion = 16.0.30804.86
MinimumVisualStudioVersion = 10.0.40219.1
Project("{FAE04EC0-301F-11D3-BF4B-00C04F79EFBC}") = "Vendas", "Vendas\Vendas.csproj", "{AD9C6A2A-4AC0-423C-8305-1611605B2D47}"
EndProject
Project("{FAE04EC0-301F-11D3-BF4B-00C04F79EFBC}") = "API-Vendas", "API-Vendas\API-Vendas\API-Vendas.csproj", "{99565A5C-165F-4894-BB9E-CB347E536C84}"
EndProject
Global
	GlobalSection(SolutionConfigurationPlatforms) = preSolution
		Debug|Any CPU = Debug|Any CPU
		Release|Any CPU = Release|Any CPU
	EndGlobalSection
	GlobalSection(ProjectConfigurationPlatforms) = postSolution
		{AD9C6A2A-4AC0-423C-8305-1611605B2D47}.Debug|Any CPU.ActiveCfg = Debug|Any CPU
		{AD9C6A2A-4AC0-423C-8305-1611605B2D47}.Debug|Any CPU.Build.0 = Debug|Any CPU
		{AD9C6A2A-4AC0-423C-8305-1611605B2D47}.Release|Any CPU.ActiveCfg = Release|Any CPU
		{AD9C6A2A-4AC0-423C-8305-1611605B2D47}.Release|Any CPU.Build.0 = Release|Any CPU
		{99565A5C-165F-4894-BB9E-CB347E536C84}.Debug|Any CPU.ActiveCfg = Debug|Any CPU
		{99565A5C-165F-4894-BB9E-CB347E536C84}.Debug|Any CPU.Build.0 = Debug|Any CPU
		{99565A5C-165F-4894-BB9E-CB347E536C84}.Release|Any CPU.ActiveCfg = Release|Any CPU
		{99565A5C-165F-4894-BB9E-CB347E536C84}.Release|Any CPU.Build.0 = Release|Any CPU
	EndGlobalSection
	GlobalSection(SolutionProperties) = preSolution
		HideSolutionNode = FALSE
	EndGlobalSection
	GlobalSection(ExtensibilityGlobals) = postSolution
		SolutionGuid = {FE62886C-2A4F-45E1-B27B-98C08E8A84E8}
	EndGlobalSection
EndGlobal
